
Microsoft Visual Studio Solution File, Format Version 12.00
# Visual Studio Version 16
VisualStudioVersion = 16.0.31313.79
MinimumVisualStudioVersion = 10.0.40219.1
Project("{D954291E-2A0B-460D-934E-DC6B0785DB48}") = "UnoComboDroid.Shared", "UnoComboDroid.Shared\UnoComboDroid.Shared.shproj", "{6279C845-92F8-4333-AB99-3D213163593C}"
EndProject
Project("{2150E333-8FDC-42A3-9474-1A3956D46DE8}") = "Platforms", "Platforms", "{C9AE98CF-98E5-430A-9FF4-071FA183DB06}"
EndProject
Project("{FAE04EC0-301F-11D3-BF4B-00C04F79EFBC}") = "UnoComboDroid.Droid", "UnoComboDroid.Droid\UnoComboDroid.Droid.csproj", "{D507261C-D319-4215-BE35-A2C839816D45}"
EndProject
Project("{FAE04EC0-301F-11D3-BF4B-00C04F79EFBC}") = "UnoComboDroid.iOS", "UnoComboDroid.iOS\UnoComboDroid.iOS.csproj", "{EEE152A9-D349-4152-BAB5-F9E372C75F27}"
EndProject
Project("{FAE04EC0-301F-11D3-BF4B-00C04F79EFBC}") = "UnoComboDroid.UWP", "UnoComboDroid.UWP\UnoComboDroid.UWP.csproj", "{00D38DDB-ED8B-4D34-8965-30BD727D1266}"
EndProject
Project("{FAE04EC0-301F-11D3-BF4B-00C04F79EFBC}") = "UnoComboDroid.Wasm", "UnoComboDroid.Wasm\UnoComboDroid.Wasm.csproj", "{C5D4312D-BEF4-4217-BA86-E1481A8A0FD5}"
EndProject
Global
	GlobalSection(SharedMSBuildProjectFiles) = preSolution
		UnoComboDroid.Shared\UnoComboDroid.Shared.projitems*{00d38ddb-ed8b-4d34-8965-30bd727d1266}*SharedItemsImports = 4
		UnoComboDroid.Shared\UnoComboDroid.Shared.projitems*{6279c845-92f8-4333-ab99-3d213163593c}*SharedItemsImports = 13
		UnoComboDroid.Shared\UnoComboDroid.Shared.projitems*{c5d4312d-bef4-4217-ba86-e1481a8a0fd5}*SharedItemsImports = 5
		UnoComboDroid.Shared\UnoComboDroid.Shared.projitems*{d507261c-d319-4215-be35-a2c839816d45}*SharedItemsImports = 4
		UnoComboDroid.Shared\UnoComboDroid.Shared.projitems*{eee152a9-d349-4152-bab5-f9e372c75f27}*SharedItemsImports = 4
	EndGlobalSection
	GlobalSection(SolutionConfigurationPlatforms) = preSolution
		Ad-Hoc|Any CPU = Ad-Hoc|Any CPU
		Ad-Hoc|ARM = Ad-Hoc|ARM
		Ad-Hoc|ARM64 = Ad-Hoc|ARM64
		Ad-Hoc|iPhone = Ad-Hoc|iPhone
		Ad-Hoc|iPhoneSimulator = Ad-Hoc|iPhoneSimulator
		Ad-Hoc|x64 = Ad-Hoc|x64
		Ad-Hoc|x86 = Ad-Hoc|x86
		AppStore|Any CPU = AppStore|Any CPU
		AppStore|ARM = AppStore|ARM
		AppStore|ARM64 = AppStore|ARM64
		AppStore|iPhone = AppStore|iPhone
		AppStore|iPhoneSimulator = AppStore|iPhoneSimulator
		AppStore|x64 = AppStore|x64
		AppStore|x86 = AppStore|x86
		Debug|Any CPU = Debug|Any CPU
		Debug|ARM = Debug|ARM
		Debug|ARM64 = Debug|ARM64
		Debug|iPhone = Debug|iPhone
		Debug|iPhoneSimulator = Debug|iPhoneSimulator
		Debug|x64 = Debug|x64
		Debug|x86 = Debug|x86
		Release|Any CPU = Release|Any CPU
		Release|ARM = Release|ARM
		Release|ARM64 = Release|ARM64
		Release|iPhone = Release|iPhone
		Release|iPhoneSimulator = Release|iPhoneSimulator
		Release|x64 = Release|x64
		Release|x86 = Release|x86
	EndGlobalSection
	GlobalSection(ProjectConfigurationPlatforms) = postSolution
		{D507261C-D319-4215-BE35-A2C839816D45}.Ad-Hoc|Any CPU.ActiveCfg = Debug|Any CPU
		{D507261C-D319-4215-BE35-A2C839816D45}.Ad-Hoc|Any CPU.Build.0 = Debug|Any CPU
		{D507261C-D319-4215-BE35-A2C839816D45}.Ad-Hoc|Any CPU.Deploy.0 = Debug|Any CPU
		{D507261C-D319-4215-BE35-A2C839816D45}.Ad-Hoc|ARM.ActiveCfg = Debug|Any CPU
		{D507261C-D319-4215-BE35-A2C839816D45}.Ad-Hoc|ARM.Build.0 = Debug|Any CPU
		{D507261C-D319-4215-BE35-A2C839816D45}.Ad-Hoc|ARM.Deploy.0 = Debug|Any CPU
		{D507261C-D319-4215-BE35-A2C839816D45}.Ad-Hoc|ARM64.ActiveCfg = Debug|Any CPU
		{D507261C-D319-4215-BE35-A2C839816D45}.Ad-Hoc|ARM64.Build.0 = Debug|Any CPU
		{D507261C-D319-4215-BE35-A2C839816D45}.Ad-Hoc|ARM64.Deploy.0 = Debug|Any CPU
		{D507261C-D319-4215-BE35-A2C839816D45}.Ad-Hoc|iPhone.ActiveCfg = Debug|Any CPU
		{D507261C-D319-4215-BE35-A2C839816D45}.Ad-Hoc|iPhone.Build.0 = Debug|Any CPU
		{D507261C-D319-4215-BE35-A2C839816D45}.Ad-Hoc|iPhone.Deploy.0 = Debug|Any CPU
		{D507261C-D319-4215-BE35-A2C839816D45}.Ad-Hoc|iPhoneSimulator.ActiveCfg = Debug|Any CPU
		{D507261C-D319-4215-BE35-A2C839816D45}.Ad-Hoc|iPhoneSimulator.Build.0 = Debug|Any CPU
		{D507261C-D319-4215-BE35-A2C839816D45}.Ad-Hoc|iPhoneSimulator.Deploy.0 = Debug|Any CPU
		{D507261C-D319-4215-BE35-A2C839816D45}.Ad-Hoc|x64.ActiveCfg = Debug|Any CPU
		{D507261C-D319-4215-BE35-A2C839816D45}.Ad-Hoc|x64.Build.0 = Debug|Any CPU
		{D507261C-D319-4215-BE35-A2C839816D45}.Ad-Hoc|x64.Deploy.0 = Debug|Any CPU
		{D507261C-D319-4215-BE35-A2C839816D45}.Ad-Hoc|x86.ActiveCfg = Debug|Any CPU
		{D507261C-D319-4215-BE35-A2C839816D45}.Ad-Hoc|x86.Build.0 = Debug|Any CPU
		{D507261C-D319-4215-BE35-A2C839816D45}.Ad-Hoc|x86.Deploy.0 = Debug|Any CPU
		{D507261C-D319-4215-BE35-A2C839816D45}.AppStore|Any CPU.ActiveCfg = Debug|Any CPU
		{D507261C-D319-4215-BE35-A2C839816D45}.AppStore|Any CPU.Build.0 = Debug|Any CPU
		{D507261C-D319-4215-BE35-A2C839816D45}.AppStore|Any CPU.Deploy.0 = Debug|Any CPU
		{D507261C-D319-4215-BE35-A2C839816D45}.AppStore|ARM.ActiveCfg = Debug|Any CPU
		{D507261C-D319-4215-BE35-A2C839816D45}.AppStore|ARM.Build.0 = Debug|Any CPU
		{D507261C-D319-4215-BE35-A2C839816D45}.AppStore|ARM.Deploy.0 = Debug|Any CPU
		{D507261C-D319-4215-BE35-A2C839816D45}.AppStore|ARM64.ActiveCfg = Debug|Any CPU
		{D507261C-D319-4215-BE35-A2C839816D45}.AppStore|ARM64.Build.0 = Debug|Any CPU
		{D507261C-D319-4215-BE35-A2C839816D45}.AppStore|ARM64.Deploy.0 = Debug|Any CPU
		{D507261C-D319-4215-BE35-A2C839816D45}.AppStore|iPhone.ActiveCfg = Debug|Any CPU
		{D507261C-D319-4215-BE35-A2C839816D45}.AppStore|iPhone.Build.0 = Debug|Any CPU
		{D507261C-D319-4215-BE35-A2C839816D45}.AppStore|iPhone.Deploy.0 = Debug|Any CPU
		{D507261C-D319-4215-BE35-A2C839816D45}.AppStore|iPhoneSimulator.ActiveCfg = Debug|Any CPU
		{D507261C-D319-4215-BE35-A2C839816D45}.AppStore|iPhoneSimulator.Build.0 = Debug|Any CPU
		{D507261C-D319-4215-BE35-A2C839816D45}.AppStore|iPhoneSimulator.Deploy.0 = Debug|Any CPU
		{D507261C-D319-4215-BE35-A2C839816D45}.AppStore|x64.ActiveCfg = Debug|Any CPU
		{D507261C-D319-4215-BE35-A2C839816D45}.AppStore|x64.Build.0 = Debug|Any CPU
		{D507261C-D319-4215-BE35-A2C839816D45}.AppStore|x64.Deploy.0 = Debug|Any CPU
		{D507261C-D319-4215-BE35-A2C839816D45}.AppStore|x86.ActiveCfg = Debug|Any CPU
		{D507261C-D319-4215-BE35-A2C839816D45}.AppStore|x86.Build.0 = Debug|Any CPU
		{D507261C-D319-4215-BE35-A2C839816D45}.AppStore|x86.Deploy.0 = Debug|Any CPU
		{D507261C-D319-4215-BE35-A2C839816D45}.Debug|Any CPU.ActiveCfg = Debug|Any CPU
		{D507261C-D319-4215-BE35-A2C839816D45}.Debug|Any CPU.Build.0 = Debug|Any CPU
		{D507261C-D319-4215-BE35-A2C839816D45}.Debug|Any CPU.Deploy.0 = Debug|Any CPU
		{D507261C-D319-4215-BE35-A2C839816D45}.Debug|ARM.ActiveCfg = Debug|Any CPU
		{D507261C-D319-4215-BE35-A2C839816D45}.Debug|ARM.Build.0 = Debug|Any CPU
		{D507261C-D319-4215-BE35-A2C839816D45}.Debug|ARM.Deploy.0 = Debug|Any CPU
		{D507261C-D319-4215-BE35-A2C839816D45}.Debug|ARM64.ActiveCfg = Debug|Any CPU
		{D507261C-D319-4215-BE35-A2C839816D45}.Debug|ARM64.Build.0 = Debug|Any CPU
		{D507261C-D319-4215-BE35-A2C839816D45}.Debug|ARM64.Deploy.0 = Debug|Any CPU
		{D507261C-D319-4215-BE35-A2C839816D45}.Debug|iPhone.ActiveCfg = Debug|Any CPU
		{D507261C-D319-4215-BE35-A2C839816D45}.Debug|iPhone.Build.0 = Debug|Any CPU
		{D507261C-D319-4215-BE35-A2C839816D45}.Debug|iPhone.Deploy.0 = Debug|Any CPU
		{D507261C-D319-4215-BE35-A2C839816D45}.Debug|iPhoneSimulator.ActiveCfg = Debug|Any CPU
		{D507261C-D319-4215-BE35-A2C839816D45}.Debug|iPhoneSimulator.Build.0 = Debug|Any CPU
		{D507261C-D319-4215-BE35-A2C839816D45}.Debug|iPhoneSimulator.Deploy.0 = Debug|Any CPU
		{D507261C-D319-4215-BE35-A2C839816D45}.Debug|x64.ActiveCfg = Debug|Any CPU
		{D507261C-D319-4215-BE35-A2C839816D45}.Debug|x64.Build.0 = Debug|Any CPU
		{D507261C-D319-4215-BE35-A2C839816D45}.Debug|x64.Deploy.0 = Debug|Any CPU
		{D507261C-D319-4215-BE35-A2C839816D45}.Debug|x86.ActiveCfg = Debug|Any CPU
		{D507261C-D319-4215-BE35-A2C839816D45}.Debug|x86.Build.0 = Debug|Any CPU
		{D507261C-D319-4215-BE35-A2C839816D45}.Debug|x86.Deploy.0 = Debug|Any CPU
		{D507261C-D319-4215-BE35-A2C839816D45}.Release|Any CPU.ActiveCfg = Release|Any CPU
		{D507261C-D319-4215-BE35-A2C839816D45}.Release|Any CPU.Build.0 = Release|Any CPU
		{D507261C-D319-4215-BE35-A2C839816D45}.Release|Any CPU.Deploy.0 = Release|Any CPU
		{D507261C-D319-4215-BE35-A2C839816D45}.Release|ARM.ActiveCfg = Release|Any CPU
		{D507261C-D319-4215-BE35-A2C839816D45}.Release|ARM.Build.0 = Release|Any CPU
		{D507261C-D319-4215-BE35-A2C839816D45}.Release|ARM.Deploy.0 = Release|Any CPU
		{D507261C-D319-4215-BE35-A2C839816D45}.Release|ARM64.ActiveCfg = Release|Any CPU
		{D507261C-D319-4215-BE35-A2C839816D45}.Release|ARM64.Build.0 = Release|Any CPU
		{D507261C-D319-4215-BE35-A2C839816D45}.Release|ARM64.Deploy.0 = Release|Any CPU
		{D507261C-D319-4215-BE35-A2C839816D45}.Release|iPhone.ActiveCfg = Release|Any CPU
		{D507261C-D319-4215-BE35-A2C839816D45}.Release|iPhone.Build.0 = Release|Any CPU
		{D507261C-D319-4215-BE35-A2C839816D45}.Release|iPhone.Deploy.0 = Release|Any CPU
		{D507261C-D319-4215-BE35-A2C839816D45}.Release|iPhoneSimulator.ActiveCfg = Release|Any CPU
		{D507261C-D319-4215-BE35-A2C839816D45}.Release|iPhoneSimulator.Build.0 = Release|Any CPU
		{D507261C-D319-4215-BE35-A2C839816D45}.Release|iPhoneSimulator.Deploy.0 = Release|Any CPU
		{D507261C-D319-4215-BE35-A2C839816D45}.Release|x64.ActiveCfg = Release|Any CPU
		{D507261C-D319-4215-BE35-A2C839816D45}.Release|x64.Build.0 = Release|Any CPU
		{D507261C-D319-4215-BE35-A2C839816D45}.Release|x64.Deploy.0 = Release|Any CPU
		{D507261C-D319-4215-BE35-A2C839816D45}.Release|x86.ActiveCfg = Release|Any CPU
		{D507261C-D319-4215-BE35-A2C839816D45}.Release|x86.Build.0 = Release|Any CPU
		{D507261C-D319-4215-BE35-A2C839816D45}.Release|x86.Deploy.0 = Release|Any CPU
		{EEE152A9-D349-4152-BAB5-F9E372C75F27}.Ad-Hoc|Any CPU.ActiveCfg = Ad-Hoc|iPhoneSimulator
		{EEE152A9-D349-4152-BAB5-F9E372C75F27}.Ad-Hoc|ARM.ActiveCfg = Ad-Hoc|iPhoneSimulator
		{EEE152A9-D349-4152-BAB5-F9E372C75F27}.Ad-Hoc|ARM64.ActiveCfg = Ad-Hoc|iPhoneSimulator
		{EEE152A9-D349-4152-BAB5-F9E372C75F27}.Ad-Hoc|iPhone.ActiveCfg = Ad-Hoc|iPhone
		{EEE152A9-D349-4152-BAB5-F9E372C75F27}.Ad-Hoc|iPhone.Build.0 = Ad-Hoc|iPhone
		{EEE152A9-D349-4152-BAB5-F9E372C75F27}.Ad-Hoc|iPhoneSimulator.ActiveCfg = Ad-Hoc|iPhoneSimulator
		{EEE152A9-D349-4152-BAB5-F9E372C75F27}.Ad-Hoc|iPhoneSimulator.Build.0 = Ad-Hoc|iPhoneSimulator
		{EEE152A9-D349-4152-BAB5-F9E372C75F27}.Ad-Hoc|x64.ActiveCfg = Ad-Hoc|iPhoneSimulator
		{EEE152A9-D349-4152-BAB5-F9E372C75F27}.Ad-Hoc|x86.ActiveCfg = Ad-Hoc|iPhoneSimulator
		{EEE152A9-D349-4152-BAB5-F9E372C75F27}.AppStore|Any CPU.ActiveCfg = AppStore|iPhoneSimulator
		{EEE152A9-D349-4152-BAB5-F9E372C75F27}.AppStore|ARM.ActiveCfg = AppStore|iPhoneSimulator
		{EEE152A9-D349-4152-BAB5-F9E372C75F27}.AppStore|ARM64.ActiveCfg = AppStore|iPhoneSimulator
		{EEE152A9-D349-4152-BAB5-F9E372C75F27}.AppStore|iPhone.ActiveCfg = AppStore|iPhone
		{EEE152A9-D349-4152-BAB5-F9E372C75F27}.AppStore|iPhone.Build.0 = AppStore|iPhone
		{EEE152A9-D349-4152-BAB5-F9E372C75F27}.AppStore|iPhoneSimulator.ActiveCfg = AppStore|iPhoneSimulator
		{EEE152A9-D349-4152-BAB5-F9E372C75F27}.AppStore|iPhoneSimulator.Build.0 = AppStore|iPhoneSimulator
		{EEE152A9-D349-4152-BAB5-F9E372C75F27}.AppStore|x64.ActiveCfg = AppStore|iPhoneSimulator
		{EEE152A9-D349-4152-BAB5-F9E372C75F27}.AppStore|x86.ActiveCfg = AppStore|iPhoneSimulator
		{EEE152A9-D349-4152-BAB5-F9E372C75F27}.Debug|Any CPU.ActiveCfg = Debug|iPhoneSimulator
		{EEE152A9-D349-4152-BAB5-F9E372C75F27}.Debug|ARM.ActiveCfg = Debug|iPhoneSimulator
		{EEE152A9-D349-4152-BAB5-F9E372C75F27}.Debug|ARM64.ActiveCfg = Debug|iPhoneSimulator
		{EEE152A9-D349-4152-BAB5-F9E372C75F27}.Debug|iPhone.ActiveCfg = Debug|iPhone
		{EEE152A9-D349-4152-BAB5-F9E372C75F27}.Debug|iPhone.Build.0 = Debug|iPhone
		{EEE152A9-D349-4152-BAB5-F9E372C75F27}.Debug|iPhoneSimulator.ActiveCfg = Debug|iPhoneSimulator
		{EEE152A9-D349-4152-BAB5-F9E372C75F27}.Debug|iPhoneSimulator.Build.0 = Debug|iPhoneSimulator
		{EEE152A9-D349-4152-BAB5-F9E372C75F27}.Debug|x64.ActiveCfg = Debug|iPhoneSimulator
		{EEE152A9-D349-4152-BAB5-F9E372C75F27}.Debug|x86.ActiveCfg = Debug|iPhoneSimulator
		{EEE152A9-D349-4152-BAB5-F9E372C75F27}.Release|Any CPU.ActiveCfg = Release|iPhoneSimulator
		{EEE152A9-D349-4152-BAB5-F9E372C75F27}.Release|ARM.ActiveCfg = Release|iPhoneSimulator
		{EEE152A9-D349-4152-BAB5-F9E372C75F27}.Release|ARM64.ActiveCfg = Release|iPhoneSimulator
		{EEE152A9-D349-4152-BAB5-F9E372C75F27}.Release|iPhone.ActiveCfg = Release|iPhone
		{EEE152A9-D349-4152-BAB5-F9E372C75F27}.Release|iPhone.Build.0 = Release|iPhone
		{EEE152A9-D349-4152-BAB5-F9E372C75F27}.Release|iPhoneSimulator.ActiveCfg = Release|iPhoneSimulator
		{EEE152A9-D349-4152-BAB5-F9E372C75F27}.Release|iPhoneSimulator.Build.0 = Release|iPhoneSimulator
		{EEE152A9-D349-4152-BAB5-F9E372C75F27}.Release|x64.ActiveCfg = Release|iPhoneSimulator
		{EEE152A9-D349-4152-BAB5-F9E372C75F27}.Release|x86.ActiveCfg = Release|iPhoneSimulator
		{00D38DDB-ED8B-4D34-8965-30BD727D1266}.Ad-Hoc|Any CPU.ActiveCfg = Debug|x86
		{00D38DDB-ED8B-4D34-8965-30BD727D1266}.Ad-Hoc|Any CPU.Build.0 = Debug|x86
		{00D38DDB-ED8B-4D34-8965-30BD727D1266}.Ad-Hoc|Any CPU.Deploy.0 = Debug|x86
		{00D38DDB-ED8B-4D34-8965-30BD727D1266}.Ad-Hoc|ARM.ActiveCfg = Debug|ARM
		{00D38DDB-ED8B-4D34-8965-30BD727D1266}.Ad-Hoc|ARM.Build.0 = Debug|ARM
		{00D38DDB-ED8B-4D34-8965-30BD727D1266}.Ad-Hoc|ARM.Deploy.0 = Debug|ARM
		{00D38DDB-ED8B-4D34-8965-30BD727D1266}.Ad-Hoc|ARM64.ActiveCfg = Debug|ARM64
		{00D38DDB-ED8B-4D34-8965-30BD727D1266}.Ad-Hoc|ARM64.Build.0 = Debug|ARM64
		{00D38DDB-ED8B-4D34-8965-30BD727D1266}.Ad-Hoc|ARM64.Deploy.0 = Debug|ARM64
		{00D38DDB-ED8B-4D34-8965-30BD727D1266}.Ad-Hoc|iPhone.ActiveCfg = Debug|x86
		{00D38DDB-ED8B-4D34-8965-30BD727D1266}.Ad-Hoc|iPhone.Build.0 = Debug|x86
		{00D38DDB-ED8B-4D34-8965-30BD727D1266}.Ad-Hoc|iPhone.Deploy.0 = Debug|x86
		{00D38DDB-ED8B-4D34-8965-30BD727D1266}.Ad-Hoc|iPhoneSimulator.ActiveCfg = Debug|x86
		{00D38DDB-ED8B-4D34-8965-30BD727D1266}.Ad-Hoc|iPhoneSimulator.Build.0 = Debug|x86
		{00D38DDB-ED8B-4D34-8965-30BD727D1266}.Ad-Hoc|iPhoneSimulator.Deploy.0 = Debug|x86
		{00D38DDB-ED8B-4D34-8965-30BD727D1266}.Ad-Hoc|x64.ActiveCfg = Debug|x64
		{00D38DDB-ED8B-4D34-8965-30BD727D1266}.Ad-Hoc|x64.Build.0 = Debug|x64
		{00D38DDB-ED8B-4D34-8965-30BD727D1266}.Ad-Hoc|x64.Deploy.0 = Debug|x64
		{00D38DDB-ED8B-4D34-8965-30BD727D1266}.Ad-Hoc|x86.ActiveCfg = Debug|x86
		{00D38DDB-ED8B-4D34-8965-30BD727D1266}.Ad-Hoc|x86.Build.0 = Debug|x86
		{00D38DDB-ED8B-4D34-8965-30BD727D1266}.Ad-Hoc|x86.Deploy.0 = Debug|x86
		{00D38DDB-ED8B-4D34-8965-30BD727D1266}.AppStore|Any CPU.ActiveCfg = Debug|x86
		{00D38DDB-ED8B-4D34-8965-30BD727D1266}.AppStore|Any CPU.Build.0 = Debug|x86
		{00D38DDB-ED8B-4D34-8965-30BD727D1266}.AppStore|Any CPU.Deploy.0 = Debug|x86
		{00D38DDB-ED8B-4D34-8965-30BD727D1266}.AppStore|ARM.ActiveCfg = Debug|ARM
		{00D38DDB-ED8B-4D34-8965-30BD727D1266}.AppStore|ARM.Build.0 = Debug|ARM
		{00D38DDB-ED8B-4D34-8965-30BD727D1266}.AppStore|ARM.Deploy.0 = Debug|ARM
		{00D38DDB-ED8B-4D34-8965-30BD727D1266}.AppStore|ARM64.ActiveCfg = Debug|ARM64
		{00D38DDB-ED8B-4D34-8965-30BD727D1266}.AppStore|ARM64.Build.0 = Debug|ARM64
		{00D38DDB-ED8B-4D34-8965-30BD727D1266}.AppStore|ARM64.Deploy.0 = Debug|ARM64
		{00D38DDB-ED8B-4D34-8965-30BD727D1266}.AppStore|iPhone.ActiveCfg = Debug|x86
		{00D38DDB-ED8B-4D34-8965-30BD727D1266}.AppStore|iPhone.Build.0 = Debug|x86
		{00D38DDB-ED8B-4D34-8965-30BD727D1266}.AppStore|iPhone.Deploy.0 = Debug|x86
		{00D38DDB-ED8B-4D34-8965-30BD727D1266}.AppStore|iPhoneSimulator.ActiveCfg = Debug|x86
		{00D38DDB-ED8B-4D34-8965-30BD727D1266}.AppStore|iPhoneSimulator.Build.0 = Debug|x86
		{00D38DDB-ED8B-4D34-8965-30BD727D1266}.AppStore|iPhoneSimulator.Deploy.0 = Debug|x86
		{00D38DDB-ED8B-4D34-8965-30BD727D1266}.AppStore|x64.ActiveCfg = Debug|x64
		{00D38DDB-ED8B-4D34-8965-30BD727D1266}.AppStore|x64.Build.0 = Debug|x64
		{00D38DDB-ED8B-4D34-8965-30BD727D1266}.AppStore|x64.Deploy.0 = Debug|x64
		{00D38DDB-ED8B-4D34-8965-30BD727D1266}.AppStore|x86.ActiveCfg = Debug|x86
		{00D38DDB-ED8B-4D34-8965-30BD727D1266}.AppStore|x86.Build.0 = Debug|x86
		{00D38DDB-ED8B-4D34-8965-30BD727D1266}.AppStore|x86.Deploy.0 = Debug|x86
		{00D38DDB-ED8B-4D34-8965-30BD727D1266}.Debug|Any CPU.ActiveCfg = Debug|x86
		{00D38DDB-ED8B-4D34-8965-30BD727D1266}.Debug|Any CPU.Build.0 = Debug|x86
		{00D38DDB-ED8B-4D34-8965-30BD727D1266}.Debug|Any CPU.Deploy.0 = Debug|x86
		{00D38DDB-ED8B-4D34-8965-30BD727D1266}.Debug|ARM.ActiveCfg = Debug|ARM
		{00D38DDB-ED8B-4D34-8965-30BD727D1266}.Debug|ARM.Build.0 = Debug|ARM
		{00D38DDB-ED8B-4D34-8965-30BD727D1266}.Debug|ARM.Deploy.0 = Debug|ARM
		{00D38DDB-ED8B-4D34-8965-30BD727D1266}.Debug|ARM64.ActiveCfg = Debug|ARM64
		{00D38DDB-ED8B-4D34-8965-30BD727D1266}.Debug|ARM64.Build.0 = Debug|ARM64
		{00D38DDB-ED8B-4D34-8965-30BD727D1266}.Debug|ARM64.Deploy.0 = Debug|ARM64
		{00D38DDB-ED8B-4D34-8965-30BD727D1266}.Debug|iPhone.ActiveCfg = Debug|x86
		{00D38DDB-ED8B-4D34-8965-30BD727D1266}.Debug|iPhoneSimulator.ActiveCfg = Debug|x86
		{00D38DDB-ED8B-4D34-8965-30BD727D1266}.Debug|x64.ActiveCfg = Debug|x64
		{00D38DDB-ED8B-4D34-8965-30BD727D1266}.Debug|x64.Build.0 = Debug|x64
		{00D38DDB-ED8B-4D34-8965-30BD727D1266}.Debug|x64.Deploy.0 = Debug|x64
		{00D38DDB-ED8B-4D34-8965-30BD727D1266}.Debug|x86.ActiveCfg = Debug|x86
		{00D38DDB-ED8B-4D34-8965-30BD727D1266}.Debug|x86.Build.0 = Debug|x86
		{00D38DDB-ED8B-4D34-8965-30BD727D1266}.Debug|x86.Deploy.0 = Debug|x86
		{00D38DDB-ED8B-4D34-8965-30BD727D1266}.Release|Any CPU.ActiveCfg = Release|x86
		{00D38DDB-ED8B-4D34-8965-30BD727D1266}.Release|ARM.ActiveCfg = Release|ARM
		{00D38DDB-ED8B-4D34-8965-30BD727D1266}.Release|ARM.Build.0 = Release|ARM
		{00D38DDB-ED8B-4D34-8965-30BD727D1266}.Release|ARM.Deploy.0 = Release|ARM
		{00D38DDB-ED8B-4D34-8965-30BD727D1266}.Release|ARM64.ActiveCfg = Release|ARM64
		{00D38DDB-ED8B-4D34-8965-30BD727D1266}.Release|ARM64.Build.0 = Release|ARM64
		{00D38DDB-ED8B-4D34-8965-30BD727D1266}.Release|ARM64.Deploy.0 = Release|ARM64
		{00D38DDB-ED8B-4D34-8965-30BD727D1266}.Release|iPhone.ActiveCfg = Release|x86
		{00D38DDB-ED8B-4D34-8965-30BD727D1266}.Release|iPhoneSimulator.ActiveCfg = Release|x86
		{00D38DDB-ED8B-4D34-8965-30BD727D1266}.Release|x64.ActiveCfg = Release|x64
		{00D38DDB-ED8B-4D34-8965-30BD727D1266}.Release|x64.Build.0 = Release|x64
		{00D38DDB-ED8B-4D34-8965-30BD727D1266}.Release|x64.Deploy.0 = Release|x64
		{00D38DDB-ED8B-4D34-8965-30BD727D1266}.Release|x86.ActiveCfg = Release|x86
		{00D38DDB-ED8B-4D34-8965-30BD727D1266}.Release|x86.Build.0 = Release|x86
		{00D38DDB-ED8B-4D34-8965-30BD727D1266}.Release|x86.Deploy.0 = Release|x86
		{C5D4312D-BEF4-4217-BA86-E1481A8A0FD5}.Ad-Hoc|Any CPU.ActiveCfg = Debug|Any CPU
		{C5D4312D-BEF4-4217-BA86-E1481A8A0FD5}.Ad-Hoc|Any CPU.Build.0 = Debug|Any CPU
		{C5D4312D-BEF4-4217-BA86-E1481A8A0FD5}.Ad-Hoc|ARM.ActiveCfg = Debug|Any CPU
		{C5D4312D-BEF4-4217-BA86-E1481A8A0FD5}.Ad-Hoc|ARM.Build.0 = Debug|Any CPU
		{C5D4312D-BEF4-4217-BA86-E1481A8A0FD5}.Ad-Hoc|ARM64.ActiveCfg = Debug|Any CPU
		{C5D4312D-BEF4-4217-BA86-E1481A8A0FD5}.Ad-Hoc|ARM64.Build.0 = Debug|Any CPU
		{C5D4312D-BEF4-4217-BA86-E1481A8A0FD5}.Ad-Hoc|iPhone.ActiveCfg = Debug|Any CPU
		{C5D4312D-BEF4-4217-BA86-E1481A8A0FD5}.Ad-Hoc|iPhone.Build.0 = Debug|Any CPU
		{C5D4312D-BEF4-4217-BA86-E1481A8A0FD5}.Ad-Hoc|iPhoneSimulator.ActiveCfg = Debug|Any CPU
		{C5D4312D-BEF4-4217-BA86-E1481A8A0FD5}.Ad-Hoc|iPhoneSimulator.Build.0 = Debug|Any CPU
		{C5D4312D-BEF4-4217-BA86-E1481A8A0FD5}.Ad-Hoc|x64.ActiveCfg = Debug|Any CPU
		{C5D4312D-BEF4-4217-BA86-E1481A8A0FD5}.Ad-Hoc|x64.Build.0 = Debug|Any CPU
		{C5D4312D-BEF4-4217-BA86-E1481A8A0FD5}.Ad-Hoc|x86.ActiveCfg = Debug|Any CPU
		{C5D4312D-BEF4-4217-BA86-E1481A8A0FD5}.Ad-Hoc|x86.Build.0 = Debug|Any CPU
		{C5D4312D-BEF4-4217-BA86-E1481A8A0FD5}.AppStore|Any CPU.ActiveCfg = Debug|Any CPU
		{C5D4312D-BEF4-4217-BA86-E1481A8A0FD5}.AppStore|Any CPU.Build.0 = Debug|Any CPU
		{C5D4312D-BEF4-4217-BA86-E1481A8A0FD5}.AppStore|ARM.ActiveCfg = Debug|Any CPU
		{C5D4312D-BEF4-4217-BA86-E1481A8A0FD5}.AppStore|ARM.Build.0 = Debug|Any CPU
		{C5D4312D-BEF4-4217-BA86-E1481A8A0FD5}.AppStore|ARM64.ActiveCfg = Debug|Any CPU
		{C5D4312D-BEF4-4217-BA86-E1481A8A0FD5}.AppStore|ARM64.Build.0 = Debug|Any CPU
		{C5D4312D-BEF4-4217-BA86-E1481A8A0FD5}.AppStore|iPhone.ActiveCfg = Debug|Any CPU
		{C5D4312D-BEF4-4217-BA86-E1481A8A0FD5}.AppStore|iPhone.Build.0 = Debug|Any CPU
		{C5D4312D-BEF4-4217-BA86-E1481A8A0FD5}.AppStore|iPhoneSimulator.ActiveCfg = Debug|Any CPU
		{C5D4312D-BEF4-4217-BA86-E1481A8A0FD5}.AppStore|iPhoneSimulator.Build.0 = Debug|Any CPU
		{C5D4312D-BEF4-4217-BA86-E1481A8A0FD5}.AppStore|x64.ActiveCfg = Debug|Any CPU
		{C5D4312D-BEF4-4217-BA86-E1481A8A0FD5}.AppStore|x64.Build.0 = Debug|Any CPU
		{C5D4312D-BEF4-4217-BA86-E1481A8A0FD5}.AppStore|x86.ActiveCfg = Debug|Any CPU
		{C5D4312D-BEF4-4217-BA86-E1481A8A0FD5}.AppStore|x86.Build.0 = Debug|Any CPU
		{C5D4312D-BEF4-4217-BA86-E1481A8A0FD5}.Debug|Any CPU.ActiveCfg = Debug|Any CPU
		{C5D4312D-BEF4-4217-BA86-E1481A8A0FD5}.Debug|Any CPU.Build.0 = Debug|Any CPU
		{C5D4312D-BEF4-4217-BA86-E1481A8A0FD5}.Debug|ARM.ActiveCfg = Debug|Any CPU
		{C5D4312D-BEF4-4217-BA86-E1481A8A0FD5}.Debug|ARM.Build.0 = Debug|Any CPU
		{C5D4312D-BEF4-4217-BA86-E1481A8A0FD5}.Debug|ARM64.ActiveCfg = Debug|Any CPU
		{C5D4312D-BEF4-4217-BA86-E1481A8A0FD5}.Debug|ARM64.Build.0 = Debug|Any CPU
		{C5D4312D-BEF4-4217-BA86-E1481A8A0FD5}.Debug|iPhone.ActiveCfg = Debug|Any CPU
		{C5D4312D-BEF4-4217-BA86-E1481A8A0FD5}.Debug|iPhone.Build.0 = Debug|Any CPU
		{C5D4312D-BEF4-4217-BA86-E1481A8A0FD5}.Debug|iPhoneSimulator.ActiveCfg = Debug|Any CPU
		{C5D4312D-BEF4-4217-BA86-E1481A8A0FD5}.Debug|iPhoneSimulator.Build.0 = Debug|Any CPU
		{C5D4312D-BEF4-4217-BA86-E1481A8A0FD5}.Debug|x64.ActiveCfg = Debug|Any CPU
		{C5D4312D-BEF4-4217-BA86-E1481A8A0FD5}.Debug|x64.Build.0 = Debug|Any CPU
		{C5D4312D-BEF4-4217-BA86-E1481A8A0FD5}.Debug|x86.ActiveCfg = Debug|Any CPU
		{C5D4312D-BEF4-4217-BA86-E1481A8A0FD5}.Debug|x86.Build.0 = Debug|Any CPU
		{C5D4312D-BEF4-4217-BA86-E1481A8A0FD5}.Release|Any CPU.ActiveCfg = Release|Any CPU
		{C5D4312D-BEF4-4217-BA86-E1481A8A0FD5}.Release|Any CPU.Build.0 = Release|Any CPU
		{C5D4312D-BEF4-4217-BA86-E1481A8A0FD5}.Release|ARM.ActiveCfg = Release|Any CPU
		{C5D4312D-BEF4-4217-BA86-E1481A8A0FD5}.Release|ARM.Build.0 = Release|Any CPU
		{C5D4312D-BEF4-4217-BA86-E1481A8A0FD5}.Release|ARM64.ActiveCfg = Release|Any CPU
		{C5D4312D-BEF4-4217-BA86-E1481A8A0FD5}.Release|ARM64.Build.0 = Release|Any CPU
		{C5D4312D-BEF4-4217-BA86-E1481A8A0FD5}.Release|iPhone.ActiveCfg = Release|Any CPU
		{C5D4312D-BEF4-4217-BA86-E1481A8A0FD5}.Release|iPhone.Build.0 = Release|Any CPU
		{C5D4312D-BEF4-4217-BA86-E1481A8A0FD5}.Release|iPhoneSimulator.ActiveCfg = Release|Any CPU
		{C5D4312D-BEF4-4217-BA86-E1481A8A0FD5}.Release|iPhoneSimulator.Build.0 = Release|Any CPU
		{C5D4312D-BEF4-4217-BA86-E1481A8A0FD5}.Release|x64.ActiveCfg = Release|Any CPU
		{C5D4312D-BEF4-4217-BA86-E1481A8A0FD5}.Release|x64.Build.0 = Release|Any CPU
		{C5D4312D-BEF4-4217-BA86-E1481A8A0FD5}.Release|x86.ActiveCfg = Release|Any CPU
		{C5D4312D-BEF4-4217-BA86-E1481A8A0FD5}.Release|x86.Build.0 = Release|Any CPU
	EndGlobalSection
	GlobalSection(SolutionProperties) = preSolution
		HideSolutionNode = FALSE
	EndGlobalSection
	GlobalSection(NestedProjects) = preSolution
		{D507261C-D319-4215-BE35-A2C839816D45} = {C9AE98CF-98E5-430A-9FF4-071FA183DB06}
		{EEE152A9-D349-4152-BAB5-F9E372C75F27} = {C9AE98CF-98E5-430A-9FF4-071FA183DB06}
		{00D38DDB-ED8B-4D34-8965-30BD727D1266} = {C9AE98CF-98E5-430A-9FF4-071FA183DB06}
		{C5D4312D-BEF4-4217-BA86-E1481A8A0FD5} = {C9AE98CF-98E5-430A-9FF4-071FA183DB06}
	EndGlobalSection
	GlobalSection(ExtensibilityGlobals) = postSolution
		SolutionGuid = {D24F8E02-30D2-4202-9424-1BD1E9DE0519}
	EndGlobalSection
EndGlobal
